
Microsoft Visual Studio Solution File, Format Version 12.00
# Visual Studio Version 16
VisualStudioVersion = 16.0.29521.150
MinimumVisualStudioVersion = 10.0.40219.1
Project("{9A19103F-16F7-4668-BE54-9A1E7A4F7556}") = "BlazorLocalFilesExample", "BlazorLocalFilesExample.csproj", "{49339DFE-5388-43AC-8DA2-9F638A84ED40}"
EndProject
Global
	GlobalSection(SolutionConfigurationPlatforms) = preSolution
		Debug|Any CPU = Debug|Any CPU
		Release|Any CPU = Release|Any CPU
	EndGlobalSection
	GlobalSection(ProjectConfigurationPlatforms) = postSolution
		{49339DFE-5388-43AC-8DA2-9F638A84ED40}.Debug|Any CPU.ActiveCfg = Debug|Any CPU
		{49339DFE-5388-43AC-8DA2-9F638A84ED40}.Debug|Any CPU.Build.0 = Debug|Any CPU
		{49339DFE-5388-43AC-8DA2-9F638A84ED40}.Release|Any CPU.ActiveCfg = Release|Any CPU
		{49339DFE-5388-43AC-8DA2-9F638A84ED40}.Release|Any CPU.Build.0 = Release|Any CPU
	EndGlobalSection
	GlobalSection(SolutionProperties) = preSolution
		HideSolutionNode = FALSE
	EndGlobalSection
	GlobalSection(ExtensibilityGlobals) = postSolution
		SolutionGuid = {DE271C08-DED6-4B3E-A221-CF650DD999E0}
	EndGlobalSection
EndGlobal
